
Microsoft Visual Studio Solution File, Format Version 12.00
# Visual Studio Version 17
VisualStudioVersion = 17.13.36105.23
MinimumVisualStudioVersion = 10.0.40219.1
Project("{FAE04EC0-301F-11D3-BF4B-00C04F79EFBC}") = "NorthWindExercises", "NorthWindExercises\NorthWindExercises.csproj", "{F7CB340C-6201-4990-B315-F822DFEE7277}"
EndProject
Project("{FAE04EC0-301F-11D3-BF4B-00C04F79EFBC}") = "Demo_OData", "Demo_OData\Demo_OData.csproj", "{308E9669-02B8-47AC-9322-77C47E899189}"
EndProject
Global
	GlobalSection(SolutionConfigurationPlatforms) = preSolution
		Debug|Any CPU = Debug|Any CPU
		Release|Any CPU = Release|Any CPU
	EndGlobalSection
	GlobalSection(ProjectConfigurationPlatforms) = postSolution
		{F7CB340C-6201-4990-B315-F822DFEE7277}.Debug|Any CPU.ActiveCfg = Debug|Any CPU
		{F7CB340C-6201-4990-B315-F822DFEE7277}.Debug|Any CPU.Build.0 = Debug|Any CPU
		{F7CB340C-6201-4990-B315-F822DFEE7277}.Release|Any CPU.ActiveCfg = Release|Any CPU
		{F7CB340C-6201-4990-B315-F822DFEE7277}.Release|Any CPU.Build.0 = Release|Any CPU
		{308E9669-02B8-47AC-9322-77C47E899189}.Debug|Any CPU.ActiveCfg = Debug|Any CPU
		{308E9669-02B8-47AC-9322-77C47E899189}.Debug|Any CPU.Build.0 = Debug|Any CPU
		{308E9669-02B8-47AC-9322-77C47E899189}.Release|Any CPU.ActiveCfg = Release|Any CPU
		{308E9669-02B8-47AC-9322-77C47E899189}.Release|Any CPU.Build.0 = Release|Any CPU
	EndGlobalSection
	GlobalSection(SolutionProperties) = preSolution
		HideSolutionNode = FALSE
	EndGlobalSection
	GlobalSection(ExtensibilityGlobals) = postSolution
		SolutionGuid = {ED5CCD91-3841-4269-9825-B6B525E4DAE1}
	EndGlobalSection
EndGlobal
